{
  "requires": true,
  "lockfileVersion": 1,
  "dependencies": {
    "hcc-tools": {
      "version": "1.0.0",
      "resolved": "https://registry.npmjs.org/hcc-tools/-/hcc-tools-1.0.0.tgz",
      "integrity": "sha512-STDM0eWPlnEOFuL2BlfrN6tsXqf2fLOQd9NrQYQPKiks6maR9/i59qxLBe5VG7q8hD2IiDsNfPsxxdNGTRc8bg=="
    }
  }
}
